
Microsoft Visual Studio Solution File, Format Version 12.00
# Visual Studio Version 17
VisualStudioVersion = 17.5.33424.131
MinimumVisualStudioVersion = 10.0.40219.1
Project("{9A19103F-16F7-4668-BE54-9A1E7A4F7556}") = "Metodos", "Metodos\Metodos.csproj", "{84FE2B20-5B5D-401D-BC79-2B1AC3B6C851}"
EndProject
Global
	GlobalSection(SolutionConfigurationPlatforms) = preSolution
		Debug|Any CPU = Debug|Any CPU
		Release|Any CPU = Release|Any CPU
	EndGlobalSection
	GlobalSection(ProjectConfigurationPlatforms) = postSolution
		{84FE2B20-5B5D-401D-BC79-2B1AC3B6C851}.Debug|Any CPU.ActiveCfg = Debug|Any CPU
		{84FE2B20-5B5D-401D-BC79-2B1AC3B6C851}.Debug|Any CPU.Build.0 = Debug|Any CPU
		{84FE2B20-5B5D-401D-BC79-2B1AC3B6C851}.Release|Any CPU.ActiveCfg = Release|Any CPU
		{84FE2B20-5B5D-401D-BC79-2B1AC3B6C851}.Release|Any CPU.Build.0 = Release|Any CPU
	EndGlobalSection
	GlobalSection(SolutionProperties) = preSolution
		HideSolutionNode = FALSE
	EndGlobalSection
	GlobalSection(ExtensibilityGlobals) = postSolution
		SolutionGuid = {9794CF20-6E8F-4385-9A4E-3131BEEEF01F}
	EndGlobalSection
EndGlobal
