
Microsoft Visual Studio Solution File, Format Version 12.00
# Visual Studio Version 17
VisualStudioVersion = 17.13.35828.75 d17.13
MinimumVisualStudioVersion = 10.0.40219.1
Project("{FAE04EC0-301F-11D3-BF4B-00C04F79EFBC}") = "Token", "Token\Token.csproj", "{84E72386-7FDF-4F3F-867E-55A271AAC439}"
EndProject
Global
	GlobalSection(SolutionConfigurationPlatforms) = preSolution
		Debug|Any CPU = Debug|Any CPU
		Release|Any CPU = Release|Any CPU
	EndGlobalSection
	GlobalSection(ProjectConfigurationPlatforms) = postSolution
		{84E72386-7FDF-4F3F-867E-55A271AAC439}.Debug|Any CPU.ActiveCfg = Debug|Any CPU
		{84E72386-7FDF-4F3F-867E-55A271AAC439}.Debug|Any CPU.Build.0 = Debug|Any CPU
		{84E72386-7FDF-4F3F-867E-55A271AAC439}.Release|Any CPU.ActiveCfg = Release|Any CPU
		{84E72386-7FDF-4F3F-867E-55A271AAC439}.Release|Any CPU.Build.0 = Release|Any CPU
	EndGlobalSection
	GlobalSection(SolutionProperties) = preSolution
		HideSolutionNode = FALSE
	EndGlobalSection
	GlobalSection(ExtensibilityGlobals) = postSolution
		SolutionGuid = {848024FC-1AB8-48E0-AE53-2CF05CE21722}
	EndGlobalSection
EndGlobal
