
Microsoft Visual Studio Solution File, Format Version 12.00
# Visual Studio Version 17
VisualStudioVersion = 17.5.33424.131
MinimumVisualStudioVersion = 10.0.40219.1
Project("{FAE04EC0-301F-11D3-BF4B-00C04F79EFBC}") = "ApiWalde", "ApiWalde\ApiWalde.csproj", "{CF48EBC5-ED52-4F65-A09C-AFAB24442147}"
EndProject
Global
	GlobalSection(SolutionConfigurationPlatforms) = preSolution
		Debug|Any CPU = Debug|Any CPU
		Release|Any CPU = Release|Any CPU
	EndGlobalSection
	GlobalSection(ProjectConfigurationPlatforms) = postSolution
		{CF48EBC5-ED52-4F65-A09C-AFAB24442147}.Debug|Any CPU.ActiveCfg = Debug|Any CPU
		{CF48EBC5-ED52-4F65-A09C-AFAB24442147}.Debug|Any CPU.Build.0 = Debug|Any CPU
		{CF48EBC5-ED52-4F65-A09C-AFAB24442147}.Release|Any CPU.ActiveCfg = Release|Any CPU
		{CF48EBC5-ED52-4F65-A09C-AFAB24442147}.Release|Any CPU.Build.0 = Release|Any CPU
	EndGlobalSection
	GlobalSection(SolutionProperties) = preSolution
		HideSolutionNode = FALSE
	EndGlobalSection
	GlobalSection(ExtensibilityGlobals) = postSolution
		SolutionGuid = {13F6846E-9245-4FA1-8E02-57D2D3CE707C}
	EndGlobalSection
EndGlobal
