
Microsoft Visual Studio Solution File, Format Version 12.00
# Visual Studio Version 17
VisualStudioVersion = 17.5.33424.131
MinimumVisualStudioVersion = 10.0.40219.1
Project("{9A19103F-16F7-4668-BE54-9A1E7A4F7556}") = "netcore6_GX", "netcore6_GX.csproj", "{9F8C3F1F-6716-4D91-B9FF-E0B229D0AACA}"
EndProject
Global
	GlobalSection(SolutionConfigurationPlatforms) = preSolution
		Debug|Any CPU = Debug|Any CPU
		Release|Any CPU = Release|Any CPU
	EndGlobalSection
	GlobalSection(ProjectConfigurationPlatforms) = postSolution
		{9F8C3F1F-6716-4D91-B9FF-E0B229D0AACA}.Debug|Any CPU.ActiveCfg = Debug|Any CPU
		{9F8C3F1F-6716-4D91-B9FF-E0B229D0AACA}.Debug|Any CPU.Build.0 = Debug|Any CPU
		{9F8C3F1F-6716-4D91-B9FF-E0B229D0AACA}.Release|Any CPU.ActiveCfg = Release|Any CPU
		{9F8C3F1F-6716-4D91-B9FF-E0B229D0AACA}.Release|Any CPU.Build.0 = Release|Any CPU
	EndGlobalSection
	GlobalSection(SolutionProperties) = preSolution
		HideSolutionNode = FALSE
	EndGlobalSection
	GlobalSection(ExtensibilityGlobals) = postSolution
		SolutionGuid = {B0CB7115-CA4B-4BE5-8E79-6D8CBA459AD0}
	EndGlobalSection
EndGlobal
